
Microsoft Visual Studio Solution File, Format Version 12.00
# Visual Studio Version 17
VisualStudioVersion = 17.11.35327.3
MinimumVisualStudioVersion = 10.0.40219.1
Project("{FAE04EC0-301F-11D3-BF4B-00C04F79EFBC}") = "TodoServerApp", "TodoServerApp\TodoServerApp.csproj", "{88F63C13-76F1-4CB2-B53A-84BC441BDB61}"
EndProject
Global
	GlobalSection(SolutionConfigurationPlatforms) = preSolution
		Debug|Any CPU = Debug|Any CPU
		Release|Any CPU = Release|Any CPU
	EndGlobalSection
	GlobalSection(ProjectConfigurationPlatforms) = postSolution
		{88F63C13-76F1-4CB2-B53A-84BC441BDB61}.Debug|Any CPU.ActiveCfg = Debug|Any CPU
		{88F63C13-76F1-4CB2-B53A-84BC441BDB61}.Debug|Any CPU.Build.0 = Debug|Any CPU
		{88F63C13-76F1-4CB2-B53A-84BC441BDB61}.Release|Any CPU.ActiveCfg = Release|Any CPU
		{88F63C13-76F1-4CB2-B53A-84BC441BDB61}.Release|Any CPU.Build.0 = Release|Any CPU
	EndGlobalSection
	GlobalSection(SolutionProperties) = preSolution
		HideSolutionNode = FALSE
	EndGlobalSection
	GlobalSection(ExtensibilityGlobals) = postSolution
		SolutionGuid = {05BDD84E-016E-4B0A-AF36-F3F12C609F56}
	EndGlobalSection
EndGlobal
